
Microsoft Visual Studio Solution File, Format Version 12.00
# Visual Studio Version 16
VisualStudioVersion = 16.0.31702.278
MinimumVisualStudioVersion = 10.0.40219.1
Project("{FAE04EC0-301F-11D3-BF4B-00C04F79EFBC}") = "LovenseWrapper", "LovenseWrapper\LovenseWrapper.csproj", "{3C56F284-871F-438E-B5F3-8178A5916879}"
EndProject
Project("{FAE04EC0-301F-11D3-BF4B-00C04F79EFBC}") = "TestCLI", "TestCLI\TestCLI.csproj", "{93DB5892-0802-4F8F-8D1B-D11DC6976925}"
EndProject
Global
	GlobalSection(SolutionConfigurationPlatforms) = preSolution
		Debug|Any CPU = Debug|Any CPU
		Release|Any CPU = Release|Any CPU
	EndGlobalSection
	GlobalSection(ProjectConfigurationPlatforms) = postSolution
		{3C56F284-871F-438E-B5F3-8178A5916879}.Debug|Any CPU.ActiveCfg = Debug|Any CPU
		{3C56F284-871F-438E-B5F3-8178A5916879}.Debug|Any CPU.Build.0 = Debug|Any CPU
		{3C56F284-871F-438E-B5F3-8178A5916879}.Release|Any CPU.ActiveCfg = Release|Any CPU
		{3C56F284-871F-438E-B5F3-8178A5916879}.Release|Any CPU.Build.0 = Release|Any CPU
		{93DB5892-0802-4F8F-8D1B-D11DC6976925}.Debug|Any CPU.ActiveCfg = Debug|Any CPU
		{93DB5892-0802-4F8F-8D1B-D11DC6976925}.Debug|Any CPU.Build.0 = Debug|Any CPU
		{93DB5892-0802-4F8F-8D1B-D11DC6976925}.Release|Any CPU.ActiveCfg = Release|Any CPU
		{93DB5892-0802-4F8F-8D1B-D11DC6976925}.Release|Any CPU.Build.0 = Release|Any CPU
	EndGlobalSection
	GlobalSection(SolutionProperties) = preSolution
		HideSolutionNode = FALSE
	EndGlobalSection
	GlobalSection(ExtensibilityGlobals) = postSolution
		SolutionGuid = {E765AD28-C027-4D0A-A13E-6D2FCF923C3D}
	EndGlobalSection
EndGlobal
